
Microsoft Visual Studio Solution File, Format Version 12.00
# Visual Studio Version 17
VisualStudioVersion = 17.2.32519.379
MinimumVisualStudioVersion = 10.0.40219.1
Project("{FAE04EC0-301F-11D3-BF4B-00C04F79EFBC}") = "pryArroyoLisandro-Biblioteca", "pryArroyoLisandro-Biblioteca.csproj", "{D007E8B4-FAC9-44D0-A5AC-0C62E53DBBFB}"
EndProject
Global
	GlobalSection(SolutionConfigurationPlatforms) = preSolution
		Debug|Any CPU = Debug|Any CPU
		Release|Any CPU = Release|Any CPU
	EndGlobalSection
	GlobalSection(ProjectConfigurationPlatforms) = postSolution
		{D007E8B4-FAC9-44D0-A5AC-0C62E53DBBFB}.Debug|Any CPU.ActiveCfg = Debug|Any CPU
		{D007E8B4-FAC9-44D0-A5AC-0C62E53DBBFB}.Debug|Any CPU.Build.0 = Debug|Any CPU
		{D007E8B4-FAC9-44D0-A5AC-0C62E53DBBFB}.Release|Any CPU.ActiveCfg = Release|Any CPU
		{D007E8B4-FAC9-44D0-A5AC-0C62E53DBBFB}.Release|Any CPU.Build.0 = Release|Any CPU
	EndGlobalSection
	GlobalSection(SolutionProperties) = preSolution
		HideSolutionNode = FALSE
	EndGlobalSection
	GlobalSection(ExtensibilityGlobals) = postSolution
		SolutionGuid = {8ABBBF2C-CD48-4193-8212-3FE0780AE3E0}
	EndGlobalSection
EndGlobal
